// !$*UTF8*$!
{
	archiveVersion = 1;
	classes = {
	};
	objectVersion = 56;
	objects = {

/* Begin PBXBuildFile section */
		AAA7A15F290E9FAD007F788C /* RestartApp_SwiftUIApp.swift in Sources */ = {isa = PBXBuildFile; fileRef = AAA7A15E290E9FAD007F788C /* RestartApp_SwiftUIApp.swift */; };
		AAA7A161290E9FAD007F788C /* ContentView.swift in Sources */ = {isa = PBXBuildFile; fileRef = AAA7A160290E9FAD007F788C /* ContentView.swift */; };
		AAA7A163290E9FAE007F788C /* Assets.xcassets in Resources */ = {isa = PBXBuildFile; fileRef = AAA7A162290E9FAE007F788C /* Assets.xcassets */; };
		AAA7A166290E9FAE007F788C /* Preview Assets.xcassets in Resources */ = {isa = PBXBuildFile; fileRef = AAA7A165290E9FAE007F788C /* Preview Assets.xcassets */; };
		AAA7A16F290EA1EA007F788C /* chimeup.mp3 in Resources */ = {isa = PBXBuildFile; fileRef = AAA7A16D290EA1EA007F788C /* chimeup.mp3 */; };
		AAA7A170290EA1EA007F788C /* success.m4a in Resources */ = {isa = PBXBuildFile; fileRef = AAA7A16E290EA1EA007F788C /* success.m4a */; };
		AAA7A176290EA6DA007F788C /* OnboardingView.swift in Sources */ = {isa = PBXBuildFile; fileRef = AAA7A175290EA6DA007F788C /* OnboardingView.swift */; };
		AAA7A178290EA6F6007F788C /* HomeView.swift in Sources */ = {isa = PBXBuildFile; fileRef = AAA7A177290EA6F6007F788C /* HomeView.swift */; };
/* End PBXBuildFile section */

/* Begin PBXFileReference section */
		AAA7A15B290E9FAD007F788C /* RestartApp_SwiftUI.app */ = {isa = PBXFileReference; explicitFileType = wrapper.application; includeInIndex = 0; path = RestartApp_SwiftUI.app; sourceTree = BUILT_PRODUCTS_DIR; };
		AAA7A15E290E9FAD007F788C /* RestartApp_SwiftUIApp.swift */ = {isa = PBXFileReference; lastKnownFileType = sourcecode.swift; path = RestartApp_SwiftUIApp.swift; sourceTree = "<group>"; };
		AAA7A160290E9FAD007F788C /* ContentView.swift */ = {isa = PBXFileReference; lastKnownFileType = sourcecode.swift; path = ContentView.swift; sourceTree = "<group>"; };
		AAA7A162290E9FAE007F788C /* Assets.xcassets */ = {isa = PBXFileReference; lastKnownFileType = folder.assetcatalog; path = Assets.xcassets; sourceTree = "<group>"; };
		AAA7A165290E9FAE007F788C /* Preview Assets.xcassets */ = {isa = PBXFileReference; lastKnownFileType = folder.assetcatalog; path = "Preview Assets.xcassets"; sourceTree = "<group>"; };
		AAA7A16D290EA1EA007F788C /* chimeup.mp3 */ = {isa = PBXFileReference; lastKnownFileType = audio.mp3; path = chimeup.mp3; sourceTree = "<group>"; };
		AAA7A16E290EA1EA007F788C /* success.m4a */ = {isa = PBXFileReference; lastKnownFileType = file; path = success.m4a; sourceTree = "<group>"; };
		AAA7A174290EA670007F788C /* RestartApp-SwiftUI-Info.plist */ = {isa = PBXFileReference; lastKnownFileType = text.plist; path = "RestartApp-SwiftUI-Info.plist"; sourceTree = SOURCE_ROOT; };
		AAA7A175290EA6DA007F788C /* OnboardingView.swift */ = {isa = PBXFileReference; lastKnownFileType = sourcecode.swift; path = OnboardingView.swift; sourceTree = "<group>"; };
		AAA7A177290EA6F6007F788C /* HomeView.swift */ = {isa = PBXFileReference; lastKnownFileType = sourcecode.swift; path = HomeView.swift; sourceTree = "<group>"; };
/* End PBXFileReference section */

/* Begin PBXFrameworksBuildPhase section */
		AAA7A158290E9FAD007F788C /* Frameworks */ = {
			isa = PBXFrameworksBuildPhase;
			buildActionMask = 2147483647;
			files = (
			);
			runOnlyForDeploymentPostprocessing = 0;
		};
/* End PBXFrameworksBuildPhase section */

/* Begin PBXGroup section */
		AAA7A152290E9FAD007F788C = {
			isa = PBXGroup;
			children = (
				AAA7A15D290E9FAD007F788C /* RestartApp_SwiftUI */,
				AAA7A15C290E9FAD007F788C /* Products */,
			);
			sourceTree = "<group>";
		};
		AAA7A15C290E9FAD007F788C /* Products */ = {
			isa = PBXGroup;
			children = (
				AAA7A15B290E9FAD007F788C /* RestartApp_SwiftUI.app */,
			);
			name = Products;
			sourceTree = "<group>";
		};
		AAA7A15D290E9FAD007F788C /* RestartApp_SwiftUI */ = {
			isa = PBXGroup;
			children = (
				AAA7A174290EA670007F788C /* RestartApp-SwiftUI-Info.plist */,
				AAA7A173290EA3C0007F788C /* Utilities */,
				AAA7A172290EA394007F788C /* Views */,
				AAA7A16C290EA1D0007F788C /* Sounds */,
				AAA7A15E290E9FAD007F788C /* RestartApp_SwiftUIApp.swift */,
				AAA7A171290EA37B007F788C /* Screens */,
				AAA7A162290E9FAE007F788C /* Assets.xcassets */,
				AAA7A164290E9FAE007F788C /* Preview Content */,
			);
			path = RestartApp_SwiftUI;
			sourceTree = "<group>";
		};
		AAA7A164290E9FAE007F788C /* Preview Content */ = {
			isa = PBXGroup;
			children = (
				AAA7A165290E9FAE007F788C /* Preview Assets.xcassets */,
			);
			path = "Preview Content";
			sourceTree = "<group>";
		};
		AAA7A16C290EA1D0007F788C /* Sounds */ = {
			isa = PBXGroup;
			children = (
				AAA7A16D290EA1EA007F788C /* chimeup.mp3 */,
				AAA7A16E290EA1EA007F788C /* success.m4a */,
			);
			path = Sounds;
			sourceTree = "<group>";
		};
		AAA7A171290EA37B007F788C /* Screens */ = {
			isa = PBXGroup;
			children = (
				AAA7A160290E9FAD007F788C /* ContentView.swift */,
				AAA7A175290EA6DA007F788C /* OnboardingView.swift */,
				AAA7A177290EA6F6007F788C /* HomeView.swift */,
			);
			path = Screens;
			sourceTree = "<group>";
		};
		AAA7A172290EA394007F788C /* Views */ = {
			isa = PBXGroup;
			children = (
			);
			path = Views;
			sourceTree = "<group>";
		};
		AAA7A173290EA3C0007F788C /* Utilities */ = {
			isa = PBXGroup;
			children = (
			);
			path = Utilities;
			sourceTree = "<group>";
		};
/* End PBXGroup section */

/* Begin PBXNativeTarget section */
		AAA7A15A290E9FAD007F788C /* RestartApp_SwiftUI */ = {
			isa = PBXNativeTarget;
			buildConfigurationList = AAA7A169290E9FAE007F788C /* Build configuration list for PBXNativeTarget "RestartApp_SwiftUI" */;
			buildPhases = (
				AAA7A157290E9FAD007F788C /* Sources */,
				AAA7A158290E9FAD007F788C /* Frameworks */,
				AAA7A159290E9FAD007F788C /* Resources */,
			);
			buildRules = (
			);
			dependencies = (
			);
			name = RestartApp_SwiftUI;
			productName = RestartApp_SwiftUI;
			productReference = AAA7A15B290E9FAD007F788C /* RestartApp_SwiftUI.app */;
			productType = "com.apple.product-type.application";
		};
/* End PBXNativeTarget section */

/* Begin PBXProject section */
		AAA7A153290E9FAD007F788C /* Project object */ = {
			isa = PBXProject;
			attributes = {
				BuildIndependentTargetsInParallel = 1;
				LastSwiftUpdateCheck = 1400;
				LastUpgradeCheck = 1400;
				TargetAttributes = {
					AAA7A15A290E9FAD007F788C = {
						CreatedOnToolsVersion = 14.0.1;
					};
				};
			};
			buildConfigurationList = AAA7A156290E9FAD007F788C /* Build configuration list for PBXProject "RestartApp_SwiftUI" */;
			compatibilityVersion = "Xcode 14.0";
			developmentRegion = en;
			hasScannedForEncodings = 0;
			knownRegions = (
				en,
				Base,
			);
			mainGroup = AAA7A152290E9FAD007F788C;
			productRefGroup = AAA7A15C290E9FAD007F788C /* Products */;
			projectDirPath = "";
			projectRoot = "";
			targets = (
				AAA7A15A290E9FAD007F788C /* RestartApp_SwiftUI */,
			);
		};
/* End PBXProject section */

/* Begin PBXResourcesBuildPhase section */
		AAA7A159290E9FAD007F788C /* Resources */ = {
			isa = PBXResourcesBuildPhase;
			buildActionMask = 2147483647;
			files = (
				AAA7A170290EA1EA007F788C /* success.m4a in Resources */,
				AAA7A16F290EA1EA007F788C /* chimeup.mp3 in Resources */,
				AAA7A166290E9FAE007F788C /* Preview Assets.xcassets in Resources */,
				AAA7A163290E9FAE007F788C /* Assets.xcassets in Resources */,
			);
			runOnlyForDeploymentPostprocessing = 0;
		};
/* End PBXResourcesBuildPhase section */

/* Begin PBXSourcesBuildPhase section */
		AAA7A157290E9FAD007F788C /* Sources */ = {
			isa = PBXSourcesBuildPhase;
			buildActionMask = 2147483647;
			files = (
				AAA7A176290EA6DA007F788C /* OnboardingView.swift in Sources */,
				AAA7A178290EA6F6007F788C /* HomeView.swift in Sources */,
				AAA7A161290E9FAD007F788C /* ContentView.swift in Sources */,
				AAA7A15F290E9FAD007F788C /* RestartApp_SwiftUIApp.swift in Sources */,
			);
			runOnlyForDeploymentPostprocessing = 0;
		};
/* End PBXSourcesBuildPhase section */

/* Begin XCBuildConfiguration section */
		AAA7A167290E9FAE007F788C /* Debug */ = {
			isa = XCBuildConfiguration;
			buildSettings = {
				ALWAYS_SEARCH_USER_PATHS = NO;
				CLANG_ANALYZER_NONNULL = YES;
				CLANG_ANALYZER_NUMBER_OBJECT_CONVERSION = YES_AGGRESSIVE;
				CLANG_CXX_LANGUAGE_STANDARD = "gnu++20";
				CLANG_ENABLE_MODULES = YES;
				CLANG_ENABLE_OBJC_ARC = YES;
				CLANG_ENABLE_OBJC_WEAK = YES;
				CLANG_WARN_BLOCK_CAPTURE_AUTORELEASING = YES;
				CLANG_WARN_BOOL_CONVERSION = YES;
				CLANG_WARN_COMMA = YES;
				CLANG_WARN_CONSTANT_CONVERSION = YES;
				CLANG_WARN_DEPRECATED_OBJC_IMPLEMENTATIONS = YES;
				CLANG_WARN_DIRECT_OBJC_ISA_USAGE = YES_ERROR;
				CLANG_WARN_DOCUMENTATION_COMMENTS = YES;
				CLANG_WARN_EMPTY_BODY = YES;
				CLANG_WARN_ENUM_CONVERSION = YES;
				CLANG_WARN_INFINITE_RECURSION = YES;
				CLANG_WARN_INT_CONVERSION = YES;
				CLANG_WARN_NON_LITERAL_NULL_CONVERSION = YES;
				CLANG_WARN_OBJC_IMPLICIT_RETAIN_SELF = YES;
				CLANG_WARN_OBJC_LITERAL_CONVERSION = YES;
				CLANG_WARN_OBJC_ROOT_CLASS = YES_ERROR;
				CLANG_WARN_QUOTED_INCLUDE_IN_FRAMEWORK_HEADER = YES;
				CLANG_WARN_RANGE_LOOP_ANALYSIS = YES;
				CLANG_WARN_STRICT_PROTOTYPES = YES;
				CLANG_WARN_SUSPICIOUS_MOVE = YES;
				CLANG_WARN_UNGUARDED_AVAILABILITY = YES_AGGRESSIVE;
				CLANG_WARN_UNREACHABLE_CODE = YES;
				CLANG_WARN__DUPLICATE_METHOD_MATCH = YES;
				COPY_PHASE_STRIP = NO;
				DEBUG_INFORMATION_FORMAT = dwarf;
				ENABLE_STRICT_OBJC_MSGSEND = YES;
				ENABLE_TESTABILITY = YES;
				GCC_C_LANGUAGE_STANDARD = gnu11;
				GCC_DYNAMIC_NO_PIC = NO;
				GCC_NO_COMMON_BLOCKS = YES;
				GCC_OPTIMIZATION_LEVEL = 0;
				GCC_PREPROCESSOR_DEFINITIONS = (
					"DEBUG=1",
					"$(inherited)",
				);
				GCC_WARN_64_TO_32_BIT_CONVERSION = YES;
				GCC_WARN_ABOUT_RETURN_TYPE = YES_ERROR;
				GCC_WARN_UNDECLARED_SELECTOR = YES;
				GCC_WARN_UNINITIALIZED_AUTOS = YES_AGGRESSIVE;
				GCC_WARN_UNUSED_FUNCTION = YES;
				GCC_WARN_UNUSED_VARIABLE = YES;
				IPHONEOS_DEPLOYMENT_TARGET = 16.0;
				MTL_ENABLE_DEBUG_INFO = INCLUDE_SOURCE;
				MTL_FAST_MATH = YES;
				ONLY_ACTIVE_ARCH = YES;
				SDKROOT = iphoneos;
				SWIFT_ACTIVE_COMPILATION_CONDITIONS = DEBUG;
				SWIFT_OPTIMIZATION_LEVEL = "-Onone";
			};
			name = Debug;
		};
		AAA7A168290E9FAE007F788C /* Release */ = {
			isa = XCBuildConfiguration;
			buildSettings = {
				ALWAYS_SEARCH_USER_PATHS = NO;
				CLANG_ANALYZER_NONNULL = YES;
				CLANG_ANALYZER_NUMBER_OBJECT_CONVERSION = YES_AGGRESSIVE;
				CLANG_CXX_LANGUAGE_STANDARD = "gnu++20";
				CLANG_ENABLE_MODULES = YES;
				CLANG_ENABLE_OBJC_ARC = YES;
				CLANG_ENABLE_OBJC_WEAK = YES;
				CLANG_WARN_BLOCK_CAPTURE_AUTORELEASING = YES;
				CLANG_WARN_BOOL_CONVERSION = YES;
				CLANG_WARN_COMMA = YES;
				CLANG_WARN_CONSTANT_CONVERSION = YES;
				CLANG_WARN_DEPRECATED_OBJC_IMPLEMENTATIONS = YES;
				CLANG_WARN_DIRECT_OBJC_ISA_USAGE = YES_ERROR;
				CLANG_WARN_DOCUMENTATION_COMMENTS = YES;
				CLANG_WARN_EMPTY_BODY = YES;
				CLANG_WARN_ENUM_CONVERSION = YES;
				CLANG_WARN_INFINITE_RECURSION = YES;
				CLANG_WARN_INT_CONVERSION = YES;
				CLANG_WARN_NON_LITERAL_NULL_CONVERSION = YES;
				CLANG_WARN_OBJC_IMPLICIT_RETAIN_SELF = YES;
				CLANG_WARN_OBJC_LITERAL_CONVERSION = YES;
				CLANG_WARN_OBJC_ROOT_CLASS = YES_ERROR;
				CLANG_WARN_QUOTED_INCLUDE_IN_FRAMEWORK_HEADER = YES;
				CLANG_WARN_RANGE_LOOP_ANALYSIS = YES;
				CLANG_WARN_STRICT_PROTOTYPES = YES;
				CLANG_WARN_SUSPICIOUS_MOVE = YES;
				CLANG_WARN_UNGUARDED_AVAILABILITY = YES_AGGRESSIVE;
				CLANG_WARN_UNREACHABLE_CODE = YES;
				CLANG_WARN__DUPLICATE_METHOD_MATCH = YES;
				COPY_PHASE_STRIP = NO;
				DEBUG_INFORMATION_FORMAT = "dwarf-with-dsym";
				ENABLE_NS_ASSERTIONS = NO;
				ENABLE_STRICT_OBJC_MSGSEND = YES;
				GCC_C_LANGUAGE_STANDARD = gnu11;
				GCC_NO_COMMON_BLOCKS = YES;
				GCC_WARN_64_TO_32_BIT_CONVERSION = YES;
				GCC_WARN_ABOUT_RETURN_TYPE = YES_ERROR;
				GCC_WARN_UNDECLARED_SELECTOR = YES;
				GCC_WARN_UNINITIALIZED_AUTOS = YES_AGGRESSIVE;
				GCC_WARN_UNUSED_FUNCTION = YES;
				GCC_WARN_UNUSED_VARIABLE = YES;
				IPHONEOS_DEPLOYMENT_TARGET = 16.0;
				MTL_ENABLE_DEBUG_INFO = NO;
				MTL_FAST_MATH = YES;
				SDKROOT = iphoneos;
				SWIFT_COMPILATION_MODE = wholemodule;
				SWIFT_OPTIMIZATION_LEVEL = "-O";
				VALIDATE_PRODUCT = YES;
			};
			name = Release;
		};
		AAA7A16A290E9FAE007F788C /* Debug */ = {
			isa = XCBuildConfiguration;
			buildSettings = {
				ASSETCATALOG_COMPILER_APPICON_NAME = AppIcon;
				ASSETCATALOG_COMPILER_GLOBAL_ACCENT_COLOR_NAME = AccentColor;
				CODE_SIGN_STYLE = Automatic;
				CURRENT_PROJECT_VERSION = 1;
				DEVELOPMENT_ASSET_PATHS = "\"RestartApp_SwiftUI/Preview Content\"";
				DEVELOPMENT_TEAM = 3C46X4Z4X4;
				ENABLE_PREVIEWS = YES;
				GENERATE_INFOPLIST_FILE = YES;
				INFOPLIST_FILE = "RestartApp-SwiftUI-Info.plist";
				INFOPLIST_KEY_UIApplicationSceneManifest_Generation = YES;
				INFOPLIST_KEY_UIApplicationSupportsIndirectInputEvents = YES;
				INFOPLIST_KEY_UISupportedInterfaceOrientations = UIInterfaceOrientationPortrait;
				INFOPLIST_KEY_UISupportedInterfaceOrientations_iPad = "UIInterfaceOrientationLandscapeLeft UIInterfaceOrientationLandscapeRight UIInterfaceOrientationPortrait UIInterfaceOrientationPortraitUpsideDown";
				IPHONEOS_DEPLOYMENT_TARGET = 15.0;
				LD_RUNPATH_SEARCH_PATHS = (
					"$(inherited)",
					"@executable_path/Frameworks",
				);
				MARKETING_VERSION = 1.0;
				PRODUCT_BUNDLE_IDENTIFIER = "iashurkov.RestartApp-SwiftUI";
				PRODUCT_NAME = "$(TARGET_NAME)";
				SWIFT_EMIT_LOC_STRINGS = YES;
				SWIFT_VERSION = 5.0;
				TARGETED_DEVICE_FAMILY = "1,2";
			};
			name = Debug;
		};
		AAA7A16B290E9FAE007F788C /* Release */ = {
			isa = XCBuildConfiguration;
			buildSettings = {
				ASSETCATALOG_COMPILER_APPICON_NAME = AppIcon;
				ASSETCATALOG_COMPILER_GLOBAL_ACCENT_COLOR_NAME = AccentColor;
				CODE_SIGN_STYLE = Automatic;
				CURRENT_PROJECT_VERSION = 1;
				DEVELOPMENT_ASSET_PATHS = "\"RestartApp_SwiftUI/Preview Content\"";
				DEVELOPMENT_TEAM = 3C46X4Z4X4;
				ENABLE_PREVIEWS = YES;
				GENERATE_INFOPLIST_FILE = YES;
				INFOPLIST_FILE = "RestartApp-SwiftUI-Info.plist";
				INFOPLIST_KEY_UIApplicationSceneManifest_Generation = YES;
				INFOPLIST_KEY_UIApplicationSupportsIndirectInputEvents = YES;
				INFOPLIST_KEY_UISupportedInterfaceOrientations = UIInterfaceOrientationPortrait;
				INFOPLIST_KEY_UISupportedInterfaceOrientations_iPad = "UIInterfaceOrientationLandscapeLeft UIInterfaceOrientationLandscapeRight UIInterfaceOrientationPortrait UIInterfaceOrientationPortraitUpsideDown";
				IPHONEOS_DEPLOYMENT_TARGET = 15.0;
				LD_RUNPATH_SEARCH_PATHS = (
					"$(inherited)",
					"@executable_path/Frameworks",
				);
				MARKETING_VERSION = 1.0;
				PRODUCT_BUNDLE_IDENTIFIER = "iashurkov.RestartApp-SwiftUI";
				PRODUCT_NAME = "$(TARGET_NAME)";
				SWIFT_EMIT_LOC_STRINGS = YES;
				SWIFT_VERSION = 5.0;
				TARGETED_DEVICE_FAMILY = "1,2";
			};
			name = Release;
		};
/* End XCBuildConfiguration section */

/* Begin XCConfigurationList section */
		AAA7A156290E9FAD007F788C /* Build configuration list for PBXProject "RestartApp_SwiftUI" */ = {
			isa = XCConfigurationList;
			buildConfigurations = (
				AAA7A167290E9FAE007F788C /* Debug */,
				AAA7A168290E9FAE007F788C /* Release */,
			);
			defaultConfigurationIsVisible = 0;
			defaultConfigurationName = Release;
		};
		AAA7A169290E9FAE007F788C /* Build configuration list for PBXNativeTarget "RestartApp_SwiftUI" */ = {
			isa = XCConfigurationList;
			buildConfigurations = (
				AAA7A16A290E9FAE007F788C /* Debug */,
				AAA7A16B290E9FAE007F788C /* Release */,
			);
			defaultConfigurationIsVisible = 0;
			defaultConfigurationName = Release;
		};
/* End XCConfigurationList section */
	};
	rootObject = AAA7A153290E9FAD007F788C /* Project object */;
}
